
Microsoft Visual Studio Solution File, Format Version 12.00
# Visual Studio Version 17
VisualStudioVersion = 17.10.34916.146
MinimumVisualStudioVersion = 10.0.40219.1
Project("{8BC9CEB8-8B4A-11D0-8D11-00A0C91BC942}") = "GoF", "GoF.vcxproj", "{E018EF68-3ADF-45A3-9531-322ED3A7998E}"
EndProject
Project("{8BC9CEB8-8B4A-11D0-8D11-00A0C91BC942}") = "Singleton", "Singleton\Singleton.vcxproj", "{4A773C98-D438-46A0-9736-950AE288D3A7}"
EndProject
Project("{8BC9CEB8-8B4A-11D0-8D11-00A0C91BC942}") = "State", "State\State.vcxproj", "{02AD2B84-B932-4944-B4D7-76C170213E01}"
EndProject
Project("{8BC9CEB8-8B4A-11D0-8D11-00A0C91BC942}") = "Observer", "Observer\Observer.vcxproj", "{6C427E72-95D9-4BF8-90FE-A690DC4125C8}"
EndProject
Global
	GlobalSection(SolutionConfigurationPlatforms) = preSolution
		Debug|x64 = Debug|x64
		Debug|x86 = Debug|x86
		Release|x64 = Release|x64
		Release|x86 = Release|x86
	EndGlobalSection
	GlobalSection(ProjectConfigurationPlatforms) = postSolution
		{E018EF68-3ADF-45A3-9531-322ED3A7998E}.Debug|x64.ActiveCfg = Debug|x64
		{E018EF68-3ADF-45A3-9531-322ED3A7998E}.Debug|x64.Build.0 = Debug|x64
		{E018EF68-3ADF-45A3-9531-322ED3A7998E}.Debug|x86.ActiveCfg = Debug|Win32
		{E018EF68-3ADF-45A3-9531-322ED3A7998E}.Debug|x86.Build.0 = Debug|Win32
		{E018EF68-3ADF-45A3-9531-322ED3A7998E}.Release|x64.ActiveCfg = Release|x64
		{E018EF68-3ADF-45A3-9531-322ED3A7998E}.Release|x64.Build.0 = Release|x64
		{E018EF68-3ADF-45A3-9531-322ED3A7998E}.Release|x86.ActiveCfg = Release|Win32
		{E018EF68-3ADF-45A3-9531-322ED3A7998E}.Release|x86.Build.0 = Release|Win32
		{4A773C98-D438-46A0-9736-950AE288D3A7}.Debug|x64.ActiveCfg = Debug|x64
		{4A773C98-D438-46A0-9736-950AE288D3A7}.Debug|x64.Build.0 = Debug|x64
		{4A773C98-D438-46A0-9736-950AE288D3A7}.Debug|x86.ActiveCfg = Debug|Win32
		{4A773C98-D438-46A0-9736-950AE288D3A7}.Debug|x86.Build.0 = Debug|Win32
		{4A773C98-D438-46A0-9736-950AE288D3A7}.Release|x64.ActiveCfg = Release|x64
		{4A773C98-D438-46A0-9736-950AE288D3A7}.Release|x64.Build.0 = Release|x64
		{4A773C98-D438-46A0-9736-950AE288D3A7}.Release|x86.ActiveCfg = Release|Win32
		{4A773C98-D438-46A0-9736-950AE288D3A7}.Release|x86.Build.0 = Release|Win32
		{02AD2B84-B932-4944-B4D7-76C170213E01}.Debug|x64.ActiveCfg = Debug|x64
		{02AD2B84-B932-4944-B4D7-76C170213E01}.Debug|x64.Build.0 = Debug|x64
		{02AD2B84-B932-4944-B4D7-76C170213E01}.Debug|x86.ActiveCfg = Debug|Win32
		{02AD2B84-B932-4944-B4D7-76C170213E01}.Debug|x86.Build.0 = Debug|Win32
		{02AD2B84-B932-4944-B4D7-76C170213E01}.Release|x64.ActiveCfg = Release|x64
		{02AD2B84-B932-4944-B4D7-76C170213E01}.Release|x64.Build.0 = Release|x64
		{02AD2B84-B932-4944-B4D7-76C170213E01}.Release|x86.ActiveCfg = Release|Win32
		{02AD2B84-B932-4944-B4D7-76C170213E01}.Release|x86.Build.0 = Release|Win32
		{6C427E72-95D9-4BF8-90FE-A690DC4125C8}.Debug|x64.ActiveCfg = Debug|x64
		{6C427E72-95D9-4BF8-90FE-A690DC4125C8}.Debug|x64.Build.0 = Debug|x64
		{6C427E72-95D9-4BF8-90FE-A690DC4125C8}.Debug|x86.ActiveCfg = Debug|Win32
		{6C427E72-95D9-4BF8-90FE-A690DC4125C8}.Debug|x86.Build.0 = Debug|Win32
		{6C427E72-95D9-4BF8-90FE-A690DC4125C8}.Release|x64.ActiveCfg = Release|x64
		{6C427E72-95D9-4BF8-90FE-A690DC4125C8}.Release|x64.Build.0 = Release|x64
		{6C427E72-95D9-4BF8-90FE-A690DC4125C8}.Release|x86.ActiveCfg = Release|Win32
		{6C427E72-95D9-4BF8-90FE-A690DC4125C8}.Release|x86.Build.0 = Release|Win32
	EndGlobalSection
	GlobalSection(SolutionProperties) = preSolution
		HideSolutionNode = FALSE
	EndGlobalSection
	GlobalSection(ExtensibilityGlobals) = postSolution
		SolutionGuid = {AAB5CA6E-AB28-4D1F-8110-AC175BEA09DC}
	EndGlobalSection
EndGlobal
